
Microsoft Visual Studio Solution File, Format Version 12.00
# Visual Studio 14
VisualStudioVersion = 14.0.25420.1
MinimumVisualStudioVersion = 10.0.40219.1
Project("{FAE04EC0-301F-11D3-BF4B-00C04F79EFBC}") = "EntidadesCompartidas", "EntidadesCompartidas\EntidadesCompartidas.csproj", "{B80B4D16-2441-4968-A147-9D49E78AF3F3}"
EndProject
Project("{FAE04EC0-301F-11D3-BF4B-00C04F79EFBC}") = "Persistencia", "Persistencia\Persistencia.csproj", "{0977D1B8-F8EB-4881-A091-634FB8F592CC}"
EndProject
Project("{FAE04EC0-301F-11D3-BF4B-00C04F79EFBC}") = "MisControles", "MisControles\MisControles.csproj", "{47BF6469-8464-46F8-9D63-22F3182BEBBE}"
EndProject
Project("{FAE04EC0-301F-11D3-BF4B-00C04F79EFBC}") = "servicioWindows", "servicioWindows\servicioWindows.csproj", "{AC33790A-B295-4061-A34E-CBF1032158D3}"
EndProject
Project("{E24C65DC-7377-472B-9ABA-BC803B73C61A}") = "sitioTramites", "sitioTramites\", "{F57998FD-1E88-4086-83D2-D0F61997B124}"
	ProjectSection(WebsiteProperties) = preProject
		TargetFrameworkMoniker = ".NETFramework,Version%3Dv4.5"
		Debug.AspNetCompiler.VirtualPath = "/localhost_24478"
		Debug.AspNetCompiler.PhysicalPath = "sitioTramites\"
		Debug.AspNetCompiler.TargetPath = "PrecompiledWeb\localhost_24478\"
		Debug.AspNetCompiler.Updateable = "true"
		Debug.AspNetCompiler.ForceOverwrite = "true"
		Debug.AspNetCompiler.FixedNames = "false"
		Debug.AspNetCompiler.Debug = "True"
		Release.AspNetCompiler.VirtualPath = "/localhost_24478"
		Release.AspNetCompiler.PhysicalPath = "sitioTramites\"
		Release.AspNetCompiler.TargetPath = "PrecompiledWeb\localhost_24478\"
		Release.AspNetCompiler.Updateable = "true"
		Release.AspNetCompiler.ForceOverwrite = "true"
		Release.AspNetCompiler.FixedNames = "false"
		Release.AspNetCompiler.Debug = "False"
		VWDPort = "24478"
		SlnRelativePath = "sitioTramites\"
		DefaultWebSiteLanguage = "Visual C#"
	EndProjectSection
EndProject
Project("{FAE04EC0-301F-11D3-BF4B-00C04F79EFBC}") = "Logica", "Logica\Logica.csproj", "{B9A9A159-AB00-42C5-AEC3-9097A474DCC8}"
EndProject
Project("{E24C65DC-7377-472B-9ABA-BC803B73C61A}") = "wcfTramites", "wcfTramites\", "{AC67AE29-F274-4DF9-B28F-917D769713CA}"
	ProjectSection(WebsiteProperties) = preProject
		TargetFrameworkMoniker = ".NETFramework,Version%3Dv4.5.2"
		ProjectReferences = "{b80b4d16-2441-4968-a147-9d49e78af3f3}|EntidadesCompartidas.dll;{b9a9a159-ab00-42c5-aec3-9097a474dcc8}|Logica.dll;{0977D1B8-F8EB-4881-A091-634FB8F592CC}|Persistencia.dll;"
		Debug.AspNetCompiler.VirtualPath = "/localhost_45701"
		Debug.AspNetCompiler.PhysicalPath = "wcfTramites\"
		Debug.AspNetCompiler.TargetPath = "PrecompiledWeb\localhost_45701\"
		Debug.AspNetCompiler.Updateable = "true"
		Debug.AspNetCompiler.ForceOverwrite = "true"
		Debug.AspNetCompiler.FixedNames = "false"
		Debug.AspNetCompiler.Debug = "True"
		Release.AspNetCompiler.VirtualPath = "/localhost_45701"
		Release.AspNetCompiler.PhysicalPath = "wcfTramites\"
		Release.AspNetCompiler.TargetPath = "PrecompiledWeb\localhost_45701\"
		Release.AspNetCompiler.Updateable = "true"
		Release.AspNetCompiler.ForceOverwrite = "true"
		Release.AspNetCompiler.FixedNames = "false"
		Release.AspNetCompiler.Debug = "False"
		VWDPort = "45701"
		SlnRelativePath = "wcfTramites\"
		DefaultWebSiteLanguage = "Visual C#"
	EndProjectSection
EndProject
Project("{FAE04EC0-301F-11D3-BF4B-00C04F79EFBC}") = "BackOfficeTramites", "BackOfficeTramites\BackOfficeTramites.csproj", "{6E766272-EA84-467C-9988-3C9F2162B37E}"
	ProjectSection(ProjectDependencies) = postProject
		{AC67AE29-F274-4DF9-B28F-917D769713CA} = {AC67AE29-F274-4DF9-B28F-917D769713CA}
	EndProjectSection
EndProject
Project("{54435603-DBB4-11D2-8724-00A0C9A8B90C}") = "InstaladorTramites", "InstaladorTramites\InstaladorTramites.vdproj", "{3CE14189-0565-4D72-9E6D-F7AF57AB970E}"
EndProject
Global
	GlobalSection(SolutionConfigurationPlatforms) = preSolution
		Debug|Any CPU = Debug|Any CPU
		Release|Any CPU = Release|Any CPU
	EndGlobalSection
	GlobalSection(ProjectConfigurationPlatforms) = postSolution
		{B80B4D16-2441-4968-A147-9D49E78AF3F3}.Debug|Any CPU.ActiveCfg = Debug|Any CPU
		{B80B4D16-2441-4968-A147-9D49E78AF3F3}.Debug|Any CPU.Build.0 = Debug|Any CPU
		{B80B4D16-2441-4968-A147-9D49E78AF3F3}.Release|Any CPU.ActiveCfg = Release|Any CPU
		{B80B4D16-2441-4968-A147-9D49E78AF3F3}.Release|Any CPU.Build.0 = Release|Any CPU
		{0977D1B8-F8EB-4881-A091-634FB8F592CC}.Debug|Any CPU.ActiveCfg = Debug|Any CPU
		{0977D1B8-F8EB-4881-A091-634FB8F592CC}.Debug|Any CPU.Build.0 = Debug|Any CPU
		{0977D1B8-F8EB-4881-A091-634FB8F592CC}.Release|Any CPU.ActiveCfg = Release|Any CPU
		{0977D1B8-F8EB-4881-A091-634FB8F592CC}.Release|Any CPU.Build.0 = Release|Any CPU
		{47BF6469-8464-46F8-9D63-22F3182BEBBE}.Debug|Any CPU.ActiveCfg = Debug|Any CPU
		{47BF6469-8464-46F8-9D63-22F3182BEBBE}.Debug|Any CPU.Build.0 = Debug|Any CPU
		{47BF6469-8464-46F8-9D63-22F3182BEBBE}.Release|Any CPU.ActiveCfg = Release|Any CPU
		{47BF6469-8464-46F8-9D63-22F3182BEBBE}.Release|Any CPU.Build.0 = Release|Any CPU
		{AC33790A-B295-4061-A34E-CBF1032158D3}.Debug|Any CPU.ActiveCfg = Debug|Any CPU
		{AC33790A-B295-4061-A34E-CBF1032158D3}.Debug|Any CPU.Build.0 = Debug|Any CPU
		{AC33790A-B295-4061-A34E-CBF1032158D3}.Release|Any CPU.ActiveCfg = Release|Any CPU
		{AC33790A-B295-4061-A34E-CBF1032158D3}.Release|Any CPU.Build.0 = Release|Any CPU
		{F57998FD-1E88-4086-83D2-D0F61997B124}.Debug|Any CPU.ActiveCfg = Debug|Any CPU
		{F57998FD-1E88-4086-83D2-D0F61997B124}.Debug|Any CPU.Build.0 = Debug|Any CPU
		{F57998FD-1E88-4086-83D2-D0F61997B124}.Release|Any CPU.ActiveCfg = Debug|Any CPU
		{F57998FD-1E88-4086-83D2-D0F61997B124}.Release|Any CPU.Build.0 = Debug|Any CPU
		{B9A9A159-AB00-42C5-AEC3-9097A474DCC8}.Debug|Any CPU.ActiveCfg = Debug|Any CPU
		{B9A9A159-AB00-42C5-AEC3-9097A474DCC8}.Debug|Any CPU.Build.0 = Debug|Any CPU
		{B9A9A159-AB00-42C5-AEC3-9097A474DCC8}.Release|Any CPU.ActiveCfg = Release|Any CPU
		{B9A9A159-AB00-42C5-AEC3-9097A474DCC8}.Release|Any CPU.Build.0 = Release|Any CPU
		{AC67AE29-F274-4DF9-B28F-917D769713CA}.Debug|Any CPU.ActiveCfg = Debug|Any CPU
		{AC67AE29-F274-4DF9-B28F-917D769713CA}.Debug|Any CPU.Build.0 = Debug|Any CPU
		{AC67AE29-F274-4DF9-B28F-917D769713CA}.Release|Any CPU.ActiveCfg = Debug|Any CPU
		{AC67AE29-F274-4DF9-B28F-917D769713CA}.Release|Any CPU.Build.0 = Debug|Any CPU
		{6E766272-EA84-467C-9988-3C9F2162B37E}.Debug|Any CPU.ActiveCfg = Debug|Any CPU
		{6E766272-EA84-467C-9988-3C9F2162B37E}.Debug|Any CPU.Build.0 = Debug|Any CPU
		{6E766272-EA84-467C-9988-3C9F2162B37E}.Release|Any CPU.ActiveCfg = Release|Any CPU
		{6E766272-EA84-467C-9988-3C9F2162B37E}.Release|Any CPU.Build.0 = Release|Any CPU
		{3CE14189-0565-4D72-9E6D-F7AF57AB970E}.Debug|Any CPU.ActiveCfg = Debug
		{3CE14189-0565-4D72-9E6D-F7AF57AB970E}.Release|Any CPU.ActiveCfg = Release
	EndGlobalSection
	GlobalSection(SolutionProperties) = preSolution
		HideSolutionNode = FALSE
	EndGlobalSection
EndGlobal
